
Microsoft Visual Studio Solution File, Format Version 12.00
# Visual Studio 14
VisualStudioVersion = 14.0.25420.1
MinimumVisualStudioVersion = 10.0.40219.1
Project("{FAE04EC0-301F-11D3-BF4B-00C04F79EFBC}") = "SmartHomeLib", "SmartHomeLib\SmartHomeLib.csproj", "{92032894-61C5-4BD5-A5CF-87E8A3E73FAE}"
EndProject
Project("{FAE04EC0-301F-11D3-BF4B-00C04F79EFBC}") = "SmartHomeApp", "SmartHomeApp\SmartHomeApp.csproj", "{9A006AAF-AC24-428F-849D-8CD863651CFE}"
EndProject
Global
	GlobalSection(SolutionConfigurationPlatforms) = preSolution
		Debug|Any CPU = Debug|Any CPU
		Release|Any CPU = Release|Any CPU
	EndGlobalSection
	GlobalSection(ProjectConfigurationPlatforms) = postSolution
		{92032894-61C5-4BD5-A5CF-87E8A3E73FAE}.Debug|Any CPU.ActiveCfg = Debug|Any CPU
		{92032894-61C5-4BD5-A5CF-87E8A3E73FAE}.Debug|Any CPU.Build.0 = Debug|Any CPU
		{92032894-61C5-4BD5-A5CF-87E8A3E73FAE}.Release|Any CPU.ActiveCfg = Release|Any CPU
		{92032894-61C5-4BD5-A5CF-87E8A3E73FAE}.Release|Any CPU.Build.0 = Release|Any CPU
		{9A006AAF-AC24-428F-849D-8CD863651CFE}.Debug|Any CPU.ActiveCfg = Debug|Any CPU
		{9A006AAF-AC24-428F-849D-8CD863651CFE}.Debug|Any CPU.Build.0 = Debug|Any CPU
		{9A006AAF-AC24-428F-849D-8CD863651CFE}.Release|Any CPU.ActiveCfg = Release|Any CPU
		{9A006AAF-AC24-428F-849D-8CD863651CFE}.Release|Any CPU.Build.0 = Release|Any CPU
	EndGlobalSection
	GlobalSection(SolutionProperties) = preSolution
		HideSolutionNode = FALSE
	EndGlobalSection
	GlobalSection(ExtensibilityGlobals) = postSolution
		SolutionGuid = {FE1C4567-B474-44A3-9D0A-1C4D5BBF6D3B}
	EndGlobalSection
EndGlobal
